<?xml version="1.0" encoding="utf-8"?>
<Project ToolsVersion="4.0" xmlns="http://schemas.microsoft.com/developer/msbuild/2003">
  <ItemGroup>
    <Filter Include="Source Files">
      <UniqueIdentifier>{4FC737F1-C7A5-4376-A066-2A32D752A2FF}</UniqueIdentifier>
      <Extensions>cpp;c;cc;cxx;def;odl;idl;hpj;bat;asm;asmx</Extensions>
    </Filter>
    <Filter Include="Header Files">
      <UniqueIdentifier>{93995380-89BD-4b04-88EB-625FBE52EBFB}</UniqueIdentifier>
      <Extensions>h;hh;hpp;hxx;hm;inl;inc;xsd</Extensions>
    </Filter>
    <Filter Include="Resource Files">
      <UniqueIdentifier>{67DA6AB6-F800-4c08-8B7A-83BB121AAD01}</UniqueIdentifier>
      <Extensions>rc;ico;cur;bmp;dlg;rc2;rct;bin;rgs;gif;jpg;jpeg;jpe;resx;tiff;tif;png;wav;mfcribbon-ms</Extensions>
    </Filter>
    <Filter Include="Header Files\ChessBoard_Header">
      <UniqueIdentifier>{03513072-0164-4110-b058-1a8360180b14}</UniqueIdentifier>
    </Filter>
    <Filter Include="Header Files\AI1_Header">
      <UniqueIdentifier>{575ae98b-6524-441d-8524-0b5e1cb59c3e}</UniqueIdentifier>
    </Filter>
    <Filter Include="Header Files\AI2_Header">
      <UniqueIdentifier>{6dd0c202-db12-4d98-8bd1-4d45f0686632}</UniqueIdentifier>
    </Filter>
    <Filter Include="Header Files\AI3_Header">
      <UniqueIdentifier>{646cf57a-25f4-4c95-aa77-958de5968c1e}</UniqueIdentifier>
    </Filter>
    <Filter Include="Source Files\AI1_Source">
      <UniqueIdentifier>{7c12d6b6-93cf-4cac-a15e-7c67fb484936}</UniqueIdentifier>
    </Filter>
    <Filter Include="Source Files\AI2_Source">
      <UniqueIdentifier>{88ed86ec-c0f2-4318-aea0-829912d0963d}</UniqueIdentifier>
    </Filter>
    <Filter Include="Source Files\AI3_Source">
      <UniqueIdentifier>{514d9444-41a0-491f-b776-aa4d7fa3a8d7}</UniqueIdentifier>
    </Filter>
    <Filter Include="Source Files\ChessBoard_Source">
      <UniqueIdentifier>{92a26c2b-3a59-4d26-b130-665ec7c8e9a4}</UniqueIdentifier>
    </Filter>
    <Filter Include="Source Files\ChessBoard_Source\util">
      <UniqueIdentifier>{20eed19a-c71a-41ef-af70-b5cd738497c1}</UniqueIdentifier>
    </Filter>
    <Filter Include="Source Files\AI2_Source\score">
      <UniqueIdentifier>{77d6d7df-64ed-4970-bc65-d10c19f048ee}</UniqueIdentifier>
    </Filter>
    <Filter Include="Source Files\AI1_Source\ArithmaticCore">
      <UniqueIdentifier>{ec5c4621-2399-4cd4-ae02-a93963a99550}</UniqueIdentifier>
    </Filter>
  </ItemGroup>
  <ItemGroup>
    <Text Include="ReadMe.txt" />
  </ItemGroup>
  <ItemGroup>
    <ClInclude Include="stdafx.h">
      <Filter>Header Files</Filter>
    </ClInclude>
    <ClInclude Include="targetver.h">
      <Filter>Header Files</Filter>
    </ClInclude>
    <ClInclude Include="Resource.h">
      <Filter>Header Files</Filter>
    </ClInclude>
    <ClInclude Include="buweiqi.h">
      <Filter>Header Files</Filter>
    </ClInclude>
    <ClInclude Include="ChessBoard_Header\ChessBoard.h">
      <Filter>Header Files\ChessBoard_Header</Filter>
    </ClInclude>
    <ClInclude Include="ChessBoard_Header\PlayerInfo.h">
      <Filter>Header Files\ChessBoard_Header</Filter>
    </ClInclude>
    <ClInclude Include="ChessBoard_Header\WindowHwnd.h">
      <Filter>Header Files\ChessBoard_Header</Filter>
    </ClInclude>
    <ClInclude Include="ChessBoard_Header\WindowSize.h">
      <Filter>Header Files\ChessBoard_Header</Filter>
    </ClInclude>
    <ClInclude Include="ChessBoard_Header\AI.h">
      <Filter>Header Files\ChessBoard_Header</Filter>
    </ClInclude>
    <ClInclude Include="ChessBoard_Header\Chess.h">
      <Filter>Header Files\ChessBoard_Header</Filter>
    </ClInclude>
    <ClInclude Include="AI3_Header\AI3.h">
      <Filter>Header Files\AI3_Header</Filter>
    </ClInclude>
    <ClInclude Include="AI2_Header\AI2.h">
      <Filter>Header Files\AI2_Header</Filter>
    </ClInclude>
    <ClInclude Include="AI2_Header\AIPlayer.h">
      <Filter>Header Files\AI2_Header</Filter>
    </ClInclude>
    <ClInclude Include="AI1_Header\AI1.h">
      <Filter>Header Files\AI1_Header</Filter>
    </ClInclude>
    <ClInclude Include="AI1_Header\PointStyle.h">
      <Filter>Header Files\AI1_Header</Filter>
    </ClInclude>
    <ClInclude Include="AI1_Header\Arithmatic.h">
      <Filter>Header Files\AI1_Header</Filter>
    </ClInclude>
  </ItemGroup>
  <ItemGroup>
    <ClCompile Include="stdafx.cpp">
      <Filter>Source Files</Filter>
    </ClCompile>
    <ClCompile Include="buweiqi.cpp">
      <Filter>Source Files</Filter>
    </ClCompile>
    <ClCompile Include="ChessBoard_Source\InitData.cpp">
      <Filter>Source Files\ChessBoard_Source</Filter>
    </ClCompile>
    <ClCompile Include="ChessBoard_Source\PaintBoard.cpp">
      <Filter>Source Files\ChessBoard_Source</Filter>
    </ClCompile>
    <ClCompile Include="ChessBoard_Source\PaintChess.cpp">
      <Filter>Source Files\ChessBoard_Source</Filter>
    </ClCompile>
    <ClCompile Include="ChessBoard_Source\PaintTimer.cpp">
      <Filter>Source Files\ChessBoard_Source</Filter>
    </ClCompile>
    <ClCompile Include="ChessBoard_Source\RePaint.cpp">
      <Filter>Source Files\ChessBoard_Source</Filter>
    </ClCompile>
    <ClCompile Include="ChessBoard_Source\ReStart.cpp">
      <Filter>Source Files\ChessBoard_Source</Filter>
    </ClCompile>
    <ClCompile Include="ChessBoard_Source\WinOrLose.cpp">
      <Filter>Source Files\ChessBoard_Source</Filter>
    </ClCompile>
    <ClCompile Include="ChessBoard_Source\util\recursion.cpp">
      <Filter>Source Files\ChessBoard_Source\util</Filter>
    </ClCompile>
    <ClCompile Include="ChessBoard_Source\util\int2String.cpp">
      <Filter>Source Files\ChessBoard_Source\util</Filter>
    </ClCompile>
    <ClCompile Include="AI2_Source\MaxandMinFunction.cpp">
      <Filter>Source Files\AI2_Source</Filter>
    </ClCompile>
    <ClCompile Include="AI2_Source\DataUtil.cpp">
      <Filter>Source Files\AI2_Source</Filter>
    </ClCompile>
    <ClCompile Include="AI2_Source\score\cornerScan.cpp">
      <Filter>Source Files\AI2_Source\score</Filter>
    </ClCompile>
    <ClCompile Include="AI2_Source\score\triangleScan.cpp">
      <Filter>Source Files\AI2_Source\score</Filter>
    </ClCompile>
    <ClCompile Include="AI2_Source\score\priority.cpp">
      <Filter>Source Files\AI2_Source\score</Filter>
    </ClCompile>
    <ClCompile Include="AI2_Source\score\isGo2Dead.cpp">
      <Filter>Source Files\AI2_Source\score</Filter>
    </ClCompile>
    <ClCompile Include="AI2_Source\score\crossShapeScan.cpp">
      <Filter>Source Files\AI2_Source\score</Filter>
    </ClCompile>
    <ClCompile Include="AI1_Source\UpdateScore.cpp">
      <Filter>Source Files\AI1_Source</Filter>
    </ClCompile>
    <ClCompile Include="AI1_Source\RateResetScore.cpp">
      <Filter>Source Files\AI1_Source</Filter>
    </ClCompile>
    <ClCompile Include="AI1_Source\Initialize.cpp">
      <Filter>Source Files\AI1_Source</Filter>
    </ClCompile>
    <ClCompile Include="AI1_Source\FunctionPart.cpp">
      <Filter>Source Files\AI1_Source</Filter>
    </ClCompile>
    <ClCompile Include="AI1_Source\DeadCheck.cpp">
      <Filter>Source Files\AI1_Source</Filter>
    </ClCompile>
    <ClCompile Include="AI1_Source\ArithmaticCore\Record.cpp">
      <Filter>Source Files\AI1_Source\ArithmaticCore</Filter>
    </ClCompile>
    <ClCompile Include="AI1_Source\ArithmaticCore\Forecast.cpp">
      <Filter>Source Files\AI1_Source\ArithmaticCore</Filter>
    </ClCompile>
    <ClCompile Include="AI1_Source\ArithmaticCore\Clear.cpp">
      <Filter>Source Files\AI1_Source\ArithmaticCore</Filter>
    </ClCompile>
    <ClCompile Include="AI1_Source\ArithmaticCore\CalculatePerf.cpp">
      <Filter>Source Files\AI1_Source\ArithmaticCore</Filter>
    </ClCompile>
    <ClCompile Include="AI1_Source\ArithmaticCore\BuildEquation.cpp">
      <Filter>Source Files\AI1_Source\ArithmaticCore</Filter>
    </ClCompile>
    <ClCompile Include="AI2_Source\AI2GetPosition.cpp">
      <Filter>Source Files\AI2_Source</Filter>
    </ClCompile>
    <ClCompile Include="AI3_Source\AI3GetPosition.cpp">
      <Filter>Source Files\AI3_Source</Filter>
    </ClCompile>
    <ClCompile Include="AI1_Source\AI1GetPosition.cpp">
      <Filter>Source Files\AI1_Source</Filter>
    </ClCompile>
    <ClCompile Include="pattern.cpp">
      <Filter>Source Files\AI2_Source</Filter>
    </ClCompile>
  </ItemGroup>
  <ItemGroup>
    <ResourceCompile Include="buweiqi.rc">
      <Filter>Resource Files</Filter>
    </ResourceCompile>
  </ItemGroup>
  <ItemGroup>
    <Image Include="small.ico">
      <Filter>Resource Files</Filter>
    </Image>
    <Image Include="buweiqi.ico">
      <Filter>Resource Files</Filter>
    </Image>
  </ItemGroup>
</Project>